
Microsoft Visual Studio Solution File, Format Version 12.00
# Visual Studio Version 17
VisualStudioVersion = 17.7.34202.233
MinimumVisualStudioVersion = 10.0.40219.1
Project("{FAE04EC0-301F-11D3-BF4B-00C04F79EFBC}") = "InventoryManagement", "InventoryManagement.csproj", "{E66E7C9A-F845-4313-B03A-5793636FB833}"
EndProject
Global
	GlobalSection(SolutionConfigurationPlatforms) = preSolution
		Debug|Any CPU = Debug|Any CPU
		Release|Any CPU = Release|Any CPU
	EndGlobalSection
	GlobalSection(ProjectConfigurationPlatforms) = postSolution
		{E66E7C9A-F845-4313-B03A-5793636FB833}.Debug|Any CPU.ActiveCfg = Debug|Any CPU
		{E66E7C9A-F845-4313-B03A-5793636FB833}.Debug|Any CPU.Build.0 = Debug|Any CPU
		{E66E7C9A-F845-4313-B03A-5793636FB833}.Release|Any CPU.ActiveCfg = Release|Any CPU
		{E66E7C9A-F845-4313-B03A-5793636FB833}.Release|Any CPU.Build.0 = Release|Any CPU
	EndGlobalSection
	GlobalSection(SolutionProperties) = preSolution
		HideSolutionNode = FALSE
	EndGlobalSection
	GlobalSection(ExtensibilityGlobals) = postSolution
		SolutionGuid = {62998326-BF72-494C-B949-43ACDB3D9DAA}
	EndGlobalSection
EndGlobal
